
Microsoft Visual Studio Solution File, Format Version 12.00
# Visual Studio Version 17
VisualStudioVersion = 17.8.34525.116
MinimumVisualStudioVersion = 10.0.40219.1
Project("{FAE04EC0-301F-11D3-BF4B-00C04F79EFBC}") = "ExampleApi", "ExampleApi\ExampleApi.csproj", "{C77E7D08-71C1-43F1-8651-DADF0634711D}"
EndProject
Global
	GlobalSection(SolutionConfigurationPlatforms) = preSolution
		Debug|Any CPU = Debug|Any CPU
		Release|Any CPU = Release|Any CPU
	EndGlobalSection
	GlobalSection(ProjectConfigurationPlatforms) = postSolution
		{C77E7D08-71C1-43F1-8651-DADF0634711D}.Debug|Any CPU.ActiveCfg = Debug|Any CPU
		{C77E7D08-71C1-43F1-8651-DADF0634711D}.Debug|Any CPU.Build.0 = Debug|Any CPU
		{C77E7D08-71C1-43F1-8651-DADF0634711D}.Release|Any CPU.ActiveCfg = Release|Any CPU
		{C77E7D08-71C1-43F1-8651-DADF0634711D}.Release|Any CPU.Build.0 = Release|Any CPU
	EndGlobalSection
	GlobalSection(SolutionProperties) = preSolution
		HideSolutionNode = FALSE
	EndGlobalSection
	GlobalSection(ExtensibilityGlobals) = postSolution
		SolutionGuid = {8F8D541F-1267-474A-8418-3BD55538520E}
	EndGlobalSection
EndGlobal
